# THIS IS AN AUTOGENERATED FILE. DO NOT EDIT THIS FILE DIRECTLY.
# yarn lockfile v1


"@simonwep/pickr@^1.4.5":
  version "1.4.5"
  resolved "https://registry.yarnpkg.com/@simonwep/pickr/-/pickr-1.4.5.tgz#a1e04b87f552c32cf2245996b5f076040699732b"
  integrity sha512-OWbzHbmxBctkZpMIY9ipsB/MzS1VHYKZuMI+jdThsyKnz1a0Es8IzTnQSclMk50dwgbaE5qmoxZnu+JrYKX1Ow==
